
Microsoft Visual Studio Solution File, Format Version 12.00
# Visual Studio 15
VisualStudioVersion = 15.0.27703.2026
MinimumVisualStudioVersion = 10.0.40219.1
Project("{FAE04EC0-301F-11D3-BF4B-00C04F79EFBC}") = "EBookCustomDataProvider", "EBookCustomDataProvider\EBookCustomDataProvider.csproj", "{ED82822C-2A0A-4A1D-B937-75E663CE195B}"
EndProject
Global
	GlobalSection(SolutionConfigurationPlatforms) = preSolution
		Debug|Any CPU = Debug|Any CPU
		Release|Any CPU = Release|Any CPU
	EndGlobalSection
	GlobalSection(ProjectConfigurationPlatforms) = postSolution
		{ED82822C-2A0A-4A1D-B937-75E663CE195B}.Debug|Any CPU.ActiveCfg = Debug|Any CPU
		{ED82822C-2A0A-4A1D-B937-75E663CE195B}.Debug|Any CPU.Build.0 = Debug|Any CPU
		{ED82822C-2A0A-4A1D-B937-75E663CE195B}.Release|Any CPU.ActiveCfg = Release|Any CPU
		{ED82822C-2A0A-4A1D-B937-75E663CE195B}.Release|Any CPU.Build.0 = Release|Any CPU
	EndGlobalSection
	GlobalSection(SolutionProperties) = preSolution
		HideSolutionNode = FALSE
	EndGlobalSection
	GlobalSection(ExtensibilityGlobals) = postSolution
		SolutionGuid = {ECA1D77F-D322-4136-A99E-AC2315A59062}
	EndGlobalSection
EndGlobal
